
Microsoft Visual Studio Solution File, Format Version 12.00
# Visual Studio Version 17
VisualStudioVersion = 17.7.34221.43
MinimumVisualStudioVersion = 10.0.40219.1
Project("{FAE04EC0-301F-11D3-BF4B-00C04F79EFBC}") = "AdventOfCode2023", "AdventOfCode2023\AdventOfCode2023.csproj", "{F414A2DC-45E4-4B15-9FA5-A740CD88A02C}"
EndProject
Project("{FAE04EC0-301F-11D3-BF4B-00C04F79EFBC}") = "Day2_p1", "Day2_p1\Day2_p1.csproj", "{BE0C602F-0A7E-45B6-9E4C-D72795EBFD98}"
EndProject
Project("{FAE04EC0-301F-11D3-BF4B-00C04F79EFBC}") = "Day2_p2", "Day2_p2\Day2_p2.csproj", "{12176B92-0B5F-43E4-B756-F8C079342396}"
EndProject
Global
	GlobalSection(SolutionConfigurationPlatforms) = preSolution
		Debug|Any CPU = Debug|Any CPU
		Release|Any CPU = Release|Any CPU
	EndGlobalSection
	GlobalSection(ProjectConfigurationPlatforms) = postSolution
		{F414A2DC-45E4-4B15-9FA5-A740CD88A02C}.Debug|Any CPU.ActiveCfg = Debug|Any CPU
		{F414A2DC-45E4-4B15-9FA5-A740CD88A02C}.Debug|Any CPU.Build.0 = Debug|Any CPU
		{F414A2DC-45E4-4B15-9FA5-A740CD88A02C}.Release|Any CPU.ActiveCfg = Release|Any CPU
		{F414A2DC-45E4-4B15-9FA5-A740CD88A02C}.Release|Any CPU.Build.0 = Release|Any CPU
		{BE0C602F-0A7E-45B6-9E4C-D72795EBFD98}.Debug|Any CPU.ActiveCfg = Debug|Any CPU
		{BE0C602F-0A7E-45B6-9E4C-D72795EBFD98}.Debug|Any CPU.Build.0 = Debug|Any CPU
		{BE0C602F-0A7E-45B6-9E4C-D72795EBFD98}.Release|Any CPU.ActiveCfg = Release|Any CPU
		{BE0C602F-0A7E-45B6-9E4C-D72795EBFD98}.Release|Any CPU.Build.0 = Release|Any CPU
		{12176B92-0B5F-43E4-B756-F8C079342396}.Debug|Any CPU.ActiveCfg = Debug|Any CPU
		{12176B92-0B5F-43E4-B756-F8C079342396}.Debug|Any CPU.Build.0 = Debug|Any CPU
		{12176B92-0B5F-43E4-B756-F8C079342396}.Release|Any CPU.ActiveCfg = Release|Any CPU
		{12176B92-0B5F-43E4-B756-F8C079342396}.Release|Any CPU.Build.0 = Release|Any CPU
	EndGlobalSection
	GlobalSection(SolutionProperties) = preSolution
		HideSolutionNode = FALSE
	EndGlobalSection
	GlobalSection(ExtensibilityGlobals) = postSolution
		SolutionGuid = {6057B4EF-7A6C-41E8-B4C5-B672D63FF327}
	EndGlobalSection
EndGlobal
